
Microsoft Visual Studio Solution File, Format Version 12.00
# Visual Studio Version 16
VisualStudioVersion = 16.0.30717.126
MinimumVisualStudioVersion = 10.0.40219.1
Project("{FAE04EC0-301F-11D3-BF4B-00C04F79EFBC}") = "DataExtractor", "DataExtractor\DataExtractor.csproj", "{BB919715-FD0C-46D4-8979-B1D47B3047F2}"
EndProject
Global
	GlobalSection(SolutionConfigurationPlatforms) = preSolution
		Debug|Any CPU = Debug|Any CPU
		Release|Any CPU = Release|Any CPU
	EndGlobalSection
	GlobalSection(ProjectConfigurationPlatforms) = postSolution
		{BB919715-FD0C-46D4-8979-B1D47B3047F2}.Debug|Any CPU.ActiveCfg = Debug|Any CPU
		{BB919715-FD0C-46D4-8979-B1D47B3047F2}.Debug|Any CPU.Build.0 = Debug|Any CPU
		{BB919715-FD0C-46D4-8979-B1D47B3047F2}.Release|Any CPU.ActiveCfg = Release|Any CPU
		{BB919715-FD0C-46D4-8979-B1D47B3047F2}.Release|Any CPU.Build.0 = Release|Any CPU
	EndGlobalSection
	GlobalSection(SolutionProperties) = preSolution
		HideSolutionNode = FALSE
	EndGlobalSection
	GlobalSection(ExtensibilityGlobals) = postSolution
		SolutionGuid = {0C63BAD7-E4C4-4662-AB2D-D16492FC8046}
	EndGlobalSection
EndGlobal
